
Microsoft Visual Studio Solution File, Format Version 12.00
# Visual Studio Express 14 for Windows Desktop
VisualStudioVersion = 14.0.24720.0
MinimumVisualStudioVersion = 10.0.40219.1
Project("{FAE04EC0-301F-11D3-BF4B-00C04F79EFBC}") = "Algebra", "Algebra\Algebra.csproj", "{094B6B38-3A54-4001-8107-93AA4E5B1FC9}"
EndProject
Project("{FAE04EC0-301F-11D3-BF4B-00C04F79EFBC}") = "AlgebraTests", "AlgebraTests\AlgebraTests.csproj", "{7B38309A-6ACB-4A1E-A583-97F1910E8F56}"
EndProject
Global
	GlobalSection(SolutionConfigurationPlatforms) = preSolution
		Debug|Any CPU = Debug|Any CPU
		Release|Any CPU = Release|Any CPU
	EndGlobalSection
	GlobalSection(ProjectConfigurationPlatforms) = postSolution
		{094B6B38-3A54-4001-8107-93AA4E5B1FC9}.Debug|Any CPU.ActiveCfg = Debug|Any CPU
		{094B6B38-3A54-4001-8107-93AA4E5B1FC9}.Debug|Any CPU.Build.0 = Debug|Any CPU
		{094B6B38-3A54-4001-8107-93AA4E5B1FC9}.Release|Any CPU.ActiveCfg = Release|Any CPU
		{094B6B38-3A54-4001-8107-93AA4E5B1FC9}.Release|Any CPU.Build.0 = Release|Any CPU
		{7B38309A-6ACB-4A1E-A583-97F1910E8F56}.Debug|Any CPU.ActiveCfg = Debug|Any CPU
		{7B38309A-6ACB-4A1E-A583-97F1910E8F56}.Debug|Any CPU.Build.0 = Debug|Any CPU
		{7B38309A-6ACB-4A1E-A583-97F1910E8F56}.Release|Any CPU.ActiveCfg = Release|Any CPU
		{7B38309A-6ACB-4A1E-A583-97F1910E8F56}.Release|Any CPU.Build.0 = Release|Any CPU
	EndGlobalSection
	GlobalSection(SolutionProperties) = preSolution
		HideSolutionNode = FALSE
	EndGlobalSection
EndGlobal
